// !$*UTF8*$!
{
	archiveVersion = 1;
	classes = {
	};
	objectVersion = 56;
	objects = {

/* Begin PBXBuildFile section */
		C003927D2B50A05100E8B4FB /* Button_lineResistanceUnits.swift in Sources */ = {isa = PBXBuildFile; fileRef = C003927C2B50A05100E8B4FB /* Button_lineResistanceUnits.swift */; };
		C00C543A2B52FAAD0018DE41 /* LengthUnits.swift in Sources */ = {isa = PBXBuildFile; fileRef = C00C54392B52FAAD0018DE41 /* LengthUnits.swift */; };
		C00D82502B27A85F004024E9 /* LineResistanceInfo.swift in Sources */ = {isa = PBXBuildFile; fileRef = C00D824F2B27A85F004024E9 /* LineResistanceInfo.swift */; };
		C011FCFF2B360088008F8066 /* LocationInfo.swift in Sources */ = {isa = PBXBuildFile; fileRef = C011FCFE2B360088008F8066 /* LocationInfo.swift */; };
		C011FD032B37D223008F8066 /* ResistivitySettingsView.swift in Sources */ = {isa = PBXBuildFile; fileRef = C011FD022B37D223008F8066 /* ResistivitySettingsView.swift */; };
		C011FD052B37D37A008F8066 /* LineResistanceSettingsView.swift in Sources */ = {isa = PBXBuildFile; fileRef = C011FD042B37D37A008F8066 /* LineResistanceSettingsView.swift */; };
		C013247E2B1030DC00DCAC6D /* EquipmentStatus.swift in Sources */ = {isa = PBXBuildFile; fileRef = C013247D2B1030DB00DCAC6D /* EquipmentStatus.swift */; };
		C01324802B106AA100DCAC6D /* ResultsTableView.swift in Sources */ = {isa = PBXBuildFile; fileRef = C013247F2B106AA100DCAC6D /* ResultsTableView.swift */; };
		C036EAD12B0DBE8300CB02D6 /* AppController.swift in Sources */ = {isa = PBXBuildFile; fileRef = C036EAD02B0DBE8200CB02D6 /* AppController.swift */; };
		C048E2D32B4CAC4000E45C15 /* LineResistanceUnits.swift in Sources */ = {isa = PBXBuildFile; fileRef = C048E2D22B4CAC4000E45C15 /* LineResistanceUnits.swift */; };
		C048E2D82B4CB02C00E45C15 /* Button_resistivityUnits.swift in Sources */ = {isa = PBXBuildFile; fileRef = C048E2D72B4CB02C00E45C15 /* Button_resistivityUnits.swift */; };
		C048E2DA2B4CB0A500E45C15 /* Button_resistanceUnits.swift in Sources */ = {isa = PBXBuildFile; fileRef = C048E2D92B4CB0A500E45C15 /* Button_resistanceUnits.swift */; };
		C048E2DC2B4CB14100E45C15 /* Button_clearAll.swift in Sources */ = {isa = PBXBuildFile; fileRef = C048E2DB2B4CB14100E45C15 /* Button_clearAll.swift */; };
		C048E2DE2B4CB27800E45C15 /* Button_selectAll.swift in Sources */ = {isa = PBXBuildFile; fileRef = C048E2DD2B4CB27800E45C15 /* Button_selectAll.swift */; };
		C048E2E02B4CB29D00E45C15 /* Button_export.swift in Sources */ = {isa = PBXBuildFile; fileRef = C048E2DF2B4CB29D00E45C15 /* Button_export.swift */; };
		C048E2E22B4CB35500E45C15 /* Button_connectToNanovoltmeter.swift in Sources */ = {isa = PBXBuildFile; fileRef = C048E2E12B4CB35500E45C15 /* Button_connectToNanovoltmeter.swift */; };
		C048E2E42B4CB51B00E45C15 /* Button_measureResistanceWithNanovoltmeter.swift in Sources */ = {isa = PBXBuildFile; fileRef = C048E2E32B4CB51B00E45C15 /* Button_measureResistanceWithNanovoltmeter.swift */; };
		C048E2E92B4CB6F200E45C15 /* ResistivityApp_menuItems.swift in Sources */ = {isa = PBXBuildFile; fileRef = C048E2E82B4CB6F200E45C15 /* ResistivityApp_menuItems.swift */; };
		C049B58C2B4F69F10010FA96 /* AppController_Measurements.swift in Sources */ = {isa = PBXBuildFile; fileRef = C049B58B2B4F69F10010FA96 /* AppController_Measurements.swift */; };
		C049B58E2B4F6A3A0010FA96 /* AppController_Export.swift in Sources */ = {isa = PBXBuildFile; fileRef = C049B58D2B4F6A3A0010FA96 /* AppController_Export.swift */; };
		C049B5922B4F6E090010FA96 /* DataCollectionController_Measurements.swift in Sources */ = {isa = PBXBuildFile; fileRef = C049B5912B4F6E090010FA96 /* DataCollectionController_Measurements.swift */; };
		C049B5952B4F70190010FA96 /* DataModel_Measurements.swift in Sources */ = {isa = PBXBuildFile; fileRef = C049B5942B4F70190010FA96 /* DataModel_Measurements.swift */; };
		C049B5972B4F704A0010FA96 /* DataModel_InitialData.swift in Sources */ = {isa = PBXBuildFile; fileRef = C049B5962B4F704A0010FA96 /* DataModel_InitialData.swift */; };
		C04F9DCB2B390C4F00CC368C /* MeasurementSettings.swift in Sources */ = {isa = PBXBuildFile; fileRef = C04F9DCA2B390C4F00CC368C /* MeasurementSettings.swift */; };
		C051DA952B5254180075D317 /* MeasurementType.swift in Sources */ = {isa = PBXBuildFile; fileRef = C051DA942B5254180075D317 /* MeasurementType.swift */; };
		C051DA972B5256730075D317 /* GraphMeasurementsPreview.swift in Sources */ = {isa = PBXBuildFile; fileRef = C051DA962B5256730075D317 /* GraphMeasurementsPreview.swift */; };
		C051DA9A2B52584E0075D317 /* MeasurementsGraphView.swift in Sources */ = {isa = PBXBuildFile; fileRef = C051DA992B52584E0075D317 /* MeasurementsGraphView.swift */; };
		C06955BB2B51E5B90041AE7C /* GraphMeasurementsView.swift in Sources */ = {isa = PBXBuildFile; fileRef = C06955BA2B51E5B90041AE7C /* GraphMeasurementsView.swift */; };
		C07145492B4CC7C800FBB650 /* ResistivityApp_toolbarItems.swift in Sources */ = {isa = PBXBuildFile; fileRef = C07145482B4CC7C800FBB650 /* ResistivityApp_toolbarItems.swift */; };
		C078BB002AD0A509002AF86B /* VISAInstrumentProtocol.swift in Sources */ = {isa = PBXBuildFile; fileRef = C078BAFF2AD0A509002AF86B /* VISAInstrumentProtocol.swift */; };
		C078BB032AD2612E002AF86B /* IPAddressValidity.swift in Sources */ = {isa = PBXBuildFile; fileRef = C078BB022AD2612E002AF86B /* IPAddressValidity.swift */; };
		C078BB052AD26368002AF86B /* Array_Statistics.swift in Sources */ = {isa = PBXBuildFile; fileRef = C078BB042AD26368002AF86B /* Array_Statistics.swift */; };
		C078BB072AD26CDF002AF86B /* Statistics.swift in Sources */ = {isa = PBXBuildFile; fileRef = C078BB062AD26CDF002AF86B /* Statistics.swift */; };
		C08CA0B52B3F5C270082E4CB /* ResistivityAppDelegate.swift in Sources */ = {isa = PBXBuildFile; fileRef = C08CA0B42B3F5C270082E4CB /* ResistivityAppDelegate.swift */; };
		C094C1852AC5F91B00E655CA /* ResistivityApp.swift in Sources */ = {isa = PBXBuildFile; fileRef = C094C1842AC5F91B00E655CA /* ResistivityApp.swift */; };
		C094C1872AC5F91B00E655CA /* ContentView.swift in Sources */ = {isa = PBXBuildFile; fileRef = C094C1862AC5F91B00E655CA /* ContentView.swift */; };
		C094C1892AC5F91C00E655CA /* Assets.xcassets in Resources */ = {isa = PBXBuildFile; fileRef = C094C1882AC5F91C00E655CA /* Assets.xcassets */; };
		C094C18C2AC5F91C00E655CA /* Preview Assets.xcassets in Resources */ = {isa = PBXBuildFile; fileRef = C094C18B2AC5F91C00E655CA /* Preview Assets.xcassets */; };
		C094C1952AC5F97C00E655CA /* SwiftVISASwift in Frameworks */ = {isa = PBXBuildFile; productRef = C094C1942AC5F97C00E655CA /* SwiftVISASwift */; };
		C094C19D2AC5F9EE00E655CA /* OmhMeterControllerProtocol.swift in Sources */ = {isa = PBXBuildFile; fileRef = C094C19C2AC5F9EE00E655CA /* OmhMeterControllerProtocol.swift */; };
		C094C19F2AC5FA4900E655CA /* ReturnMode.swift in Sources */ = {isa = PBXBuildFile; fileRef = C094C19E2AC5FA4900E655CA /* ReturnMode.swift */; };
		C094C1A12AC5FA6E00E655CA /* NanoVoltMeterController.swift in Sources */ = {isa = PBXBuildFile; fileRef = C094C1A02AC5FA6E00E655CA /* NanoVoltMeterController.swift */; };
		C09CC3BB2DDE95BC0098DDAE /* HRGPreferences.swift in Sources */ = {isa = PBXBuildFile; fileRef = C09CC3BA2DDE95BC0098DDAE /* HRGPreferences.swift */; };
		C09DDB1B2B50F2A6007CAA73 /* StatisticsView.swift in Sources */ = {isa = PBXBuildFile; fileRef = C09DDB1A2B50F2A6007CAA73 /* StatisticsView.swift */; };
		C09DDB1D2B50F330007CAA73 /* Statistic.swift in Sources */ = {isa = PBXBuildFile; fileRef = C09DDB1C2B50F330007CAA73 /* Statistic.swift */; };
		C09DDB1F2B50F97D007CAA73 /* NumberFormatter_Double.swift in Sources */ = {isa = PBXBuildFile; fileRef = C09DDB1E2B50F97D007CAA73 /* NumberFormatter_Double.swift */; };
		C0A3659A2AC7CC0700EA2EB6 /* SimulatedNanoVoltMeterController.swift in Sources */ = {isa = PBXBuildFile; fileRef = C0A365992AC7CC0700EA2EB6 /* SimulatedNanoVoltMeterController.swift */; };
		C0A3659C2AC7CCC400EA2EB6 /* TimeUnits.swift in Sources */ = {isa = PBXBuildFile; fileRef = C0A3659B2AC7CCC400EA2EB6 /* TimeUnits.swift */; };
		C0A3659E2AC7D25A00EA2EB6 /* ResistanceUnits.swift in Sources */ = {isa = PBXBuildFile; fileRef = C0A3659D2AC7D25A00EA2EB6 /* ResistanceUnits.swift */; };
		C0A365A12AC7D4EF00EA2EB6 /* ConvertableUnits_Protocol.swift in Sources */ = {isa = PBXBuildFile; fileRef = C0A365A02AC7D4EF00EA2EB6 /* ConvertableUnits_Protocol.swift */; };
		C0B608982AC610E0008B0A39 /* Decoders.swift in Sources */ = {isa = PBXBuildFile; fileRef = C0B608972AC610E0008B0A39 /* Decoders.swift */; };
		C0C20EAB2B466AC4007EBA53 /* Sample_Exportable.swift in Sources */ = {isa = PBXBuildFile; fileRef = C0C20EAA2B466AC4007EBA53 /* Sample_Exportable.swift */; };
		C0C2C02E2AD8A41A00E2385E /* SampleInfo.swift in Sources */ = {isa = PBXBuildFile; fileRef = C0C2C02D2AD8A41A00E2385E /* SampleInfo.swift */; };
		C0C2C0302AD8A48000E2385E /* Location.swift in Sources */ = {isa = PBXBuildFile; fileRef = C0C2C02F2AD8A48000E2385E /* Location.swift */; };
		C0C2C0332AD8A55E00E2385E /* Exportable.swift in Sources */ = {isa = PBXBuildFile; fileRef = C0C2C0322AD8A55E00E2385E /* Exportable.swift */; };
		C0C2C0352AD8A62000E2385E /* Measurement_Exportable.swift in Sources */ = {isa = PBXBuildFile; fileRef = C0C2C0342AD8A62000E2385E /* Measurement_Exportable.swift */; };
		C0C2C0372AD8A9C200E2385E /* Statistics_Exportable.swift in Sources */ = {isa = PBXBuildFile; fileRef = C0C2C0362AD8A9C200E2385E /* Statistics_Exportable.swift */; };
		C0C2C03B2AD8F8DF00E2385E /* ResistivityMeasurementSettings.swift in Sources */ = {isa = PBXBuildFile; fileRef = C0C2C03A2AD8F8DF00E2385E /* ResistivityMeasurementSettings.swift */; };
		C0D122732B4268EB00BBFFC8 /* ResistivityUnits.swift in Sources */ = {isa = PBXBuildFile; fileRef = C0D122722B4268EB00BBFFC8 /* ResistivityUnits.swift */; };
		C0D122772B42859C00BBFFC8 /* UnitsSettings.swift in Sources */ = {isa = PBXBuildFile; fileRef = C0D122762B42859C00BBFFC8 /* UnitsSettings.swift */; };
		C0DB47082ACB313600FBAC23 /* Notifications.swift in Sources */ = {isa = PBXBuildFile; fileRef = C0DB47072ACB313600FBAC23 /* Notifications.swift */; };
		C0DB470A2ACB315500FBAC23 /* Style.swift in Sources */ = {isa = PBXBuildFile; fileRef = C0DB47092ACB315500FBAC23 /* Style.swift */; };
		C0DB470C2ACB32FE00FBAC23 /* MeasurementConfiguratorView.swift in Sources */ = {isa = PBXBuildFile; fileRef = C0DB470B2ACB32FE00FBAC23 /* MeasurementConfiguratorView.swift */; };
		C0DB470E2ACB367B00FBAC23 /* SummaryStatisticsView.swift in Sources */ = {isa = PBXBuildFile; fileRef = C0DB470D2ACB367B00FBAC23 /* SummaryStatisticsView.swift */; };
		C0DB47102ACB38AF00FBAC23 /* SampleInformationView.swift in Sources */ = {isa = PBXBuildFile; fileRef = C0DB470F2ACB38AF00FBAC23 /* SampleInformationView.swift */; };
		C0DB47122ACB404500FBAC23 /* ResultsTabView.swift in Sources */ = {isa = PBXBuildFile; fileRef = C0DB47112ACB404500FBAC23 /* ResultsTabView.swift */; };
		C0DB47152ACB40F500FBAC23 /* TabLabel.swift in Sources */ = {isa = PBXBuildFile; fileRef = C0DB47142ACB40F500FBAC23 /* TabLabel.swift */; };
		C0DB47172ACB44C800FBAC23 /* PreferencesView.swift in Sources */ = {isa = PBXBuildFile; fileRef = C0DB47162ACB44C800FBAC23 /* PreferencesView.swift */; };
		C0DB47192ACB4AAA00FBAC23 /* DataCollectionController.swift in Sources */ = {isa = PBXBuildFile; fileRef = C0DB47182ACB4AAA00FBAC23 /* DataCollectionController.swift */; };
		C0DB471B2ACB4F6A00FBAC23 /* Measurement.swift in Sources */ = {isa = PBXBuildFile; fileRef = C0DB471A2ACB4F6A00FBAC23 /* Measurement.swift */; };
		C0DB471D2ACB4FFA00FBAC23 /* DelayType.swift in Sources */ = {isa = PBXBuildFile; fileRef = C0DB471C2ACB4FFA00FBAC23 /* DelayType.swift */; };
		C0DB47212ACB509B00FBAC23 /* Sample.swift in Sources */ = {isa = PBXBuildFile; fileRef = C0DB47202ACB509B00FBAC23 /* Sample.swift */; };
		C0DE77DD2B47C56D006BC54B /* SelectionManager.swift in Sources */ = {isa = PBXBuildFile; fileRef = C0DE77DC2B47C56D006BC54B /* SelectionManager.swift */; };
		C0DE77DF2B47CE6D006BC54B /* CopyMeasurementsButton.swift in Sources */ = {isa = PBXBuildFile; fileRef = C0DE77DE2B47CE6D006BC54B /* CopyMeasurementsButton.swift */; };
		C0DE77E22B47CF69006BC54B /* DeleteMeasurementsButton.swift in Sources */ = {isa = PBXBuildFile; fileRef = C0DE77E12B47CF69006BC54B /* DeleteMeasurementsButton.swift */; };
		C0E8B7C02B4327CA002CEBA8 /* DataViewModel.swift in Sources */ = {isa = PBXBuildFile; fileRef = C0E8B7BF2B4327CA002CEBA8 /* DataViewModel.swift */; };
		C0E8B7C42B43CD60002CEBA8 /* ResistivityMeasurementInfo_Exportable.swift in Sources */ = {isa = PBXBuildFile; fileRef = C0E8B7C32B43CD60002CEBA8 /* ResistivityMeasurementInfo_Exportable.swift */; };
		C0E8B7C62B43D108002CEBA8 /* LineResistanceInfo_Exportable.swift in Sources */ = {isa = PBXBuildFile; fileRef = C0E8B7C52B43D108002CEBA8 /* LineResistanceInfo_Exportable.swift */; };
		C0E8B7C82B43D14B002CEBA8 /* LocationInfo_Exportable.swift in Sources */ = {isa = PBXBuildFile; fileRef = C0E8B7C72B43D14B002CEBA8 /* LocationInfo_Exportable.swift */; };
		C0E8B7CA2B43D18F002CEBA8 /* SampleInfo_Exportable.swift in Sources */ = {isa = PBXBuildFile; fileRef = C0E8B7C92B43D18F002CEBA8 /* SampleInfo_Exportable.swift */; };
		C0E8B7CC2B43D44F002CEBA8 /* ExportManager.swift in Sources */ = {isa = PBXBuildFile; fileRef = C0E8B7CB2B43D44F002CEBA8 /* ExportManager.swift */; };
		C0ED06AB2B34FA750050D626 /* ResistivityMeasurementInfo.swift in Sources */ = {isa = PBXBuildFile; fileRef = C0ED06AA2B34FA750050D626 /* ResistivityMeasurementInfo.swift */; };
		C0ED06AD2B34FA970050D626 /* LineResistanceSettings.swift in Sources */ = {isa = PBXBuildFile; fileRef = C0ED06AC2B34FA970050D626 /* LineResistanceSettings.swift */; };
		C0ED06B02B34FF300050D626 /* Protocol_Info.swift in Sources */ = {isa = PBXBuildFile; fileRef = C0ED06AF2B34FF300050D626 /* Protocol_Info.swift */; };
		C0ED06B42B3544090050D626 /* LocationSettings.swift in Sources */ = {isa = PBXBuildFile; fileRef = C0ED06B32B3544090050D626 /* LocationSettings.swift */; };
		C0ED06B72B3545470050D626 /* SampleSettings.swift in Sources */ = {isa = PBXBuildFile; fileRef = C0ED06B62B3545470050D626 /* SampleSettings.swift */; };
		C0FD931B2B53381D0025C949 /* GraphSummaryView.swift in Sources */ = {isa = PBXBuildFile; fileRef = C0FD931A2B53381D0025C949 /* GraphSummaryView.swift */; };
		C0FD931E2B533FFF0025C949 /* SamplesGraphView.swift in Sources */ = {isa = PBXBuildFile; fileRef = C0FD931D2B533FFF0025C949 /* SamplesGraphView.swift */; };
		C0FD93202B53401C0025C949 /* GraphSummaryPreview.swift in Sources */ = {isa = PBXBuildFile; fileRef = C0FD931F2B53401C0025C949 /* GraphSummaryPreview.swift */; };
		C0FFEF412AF7510C00CCBD97 /* DataModel.swift in Sources */ = {isa = PBXBuildFile; fileRef = C0FFEF402AF7510C00CCBD97 /* DataModel.swift */; };
/* End PBXBuildFile section */

/* Begin PBXFileReference section */
		C003927C2B50A05100E8B4FB /* Button_lineResistanceUnits.swift */ = {isa = PBXFileReference; lastKnownFileType = sourcecode.swift; path = Button_lineResistanceUnits.swift; sourceTree = "<group>"; };
		C00C54392B52FAAD0018DE41 /* LengthUnits.swift */ = {isa = PBXFileReference; lastKnownFileType = sourcecode.swift; path = LengthUnits.swift; sourceTree = "<group>"; };
		C00D824F2B27A85F004024E9 /* LineResistanceInfo.swift */ = {isa = PBXFileReference; lastKnownFileType = sourcecode.swift; path = LineResistanceInfo.swift; sourceTree = "<group>"; };
		C011FCFE2B360088008F8066 /* LocationInfo.swift */ = {isa = PBXFileReference; lastKnownFileType = sourcecode.swift; path = LocationInfo.swift; sourceTree = "<group>"; };
		C011FD022B37D223008F8066 /* ResistivitySettingsView.swift */ = {isa = PBXFileReference; lastKnownFileType = sourcecode.swift; path = ResistivitySettingsView.swift; sourceTree = "<group>"; };
		C011FD042B37D37A008F8066 /* LineResistanceSettingsView.swift */ = {isa = PBXFileReference; lastKnownFileType = sourcecode.swift; path = LineResistanceSettingsView.swift; sourceTree = "<group>"; };
		C013247D2B1030DB00DCAC6D /* EquipmentStatus.swift */ = {isa = PBXFileReference; lastKnownFileType = sourcecode.swift; path = EquipmentStatus.swift; sourceTree = "<group>"; };
		C013247F2B106AA100DCAC6D /* ResultsTableView.swift */ = {isa = PBXFileReference; lastKnownFileType = sourcecode.swift; path = ResultsTableView.swift; sourceTree = "<group>"; };
		C036EAD02B0DBE8200CB02D6 /* AppController.swift */ = {isa = PBXFileReference; lastKnownFileType = sourcecode.swift; path = AppController.swift; sourceTree = "<group>"; };
		C048E2D22B4CAC4000E45C15 /* LineResistanceUnits.swift */ = {isa = PBXFileReference; lastKnownFileType = sourcecode.swift; path = LineResistanceUnits.swift; sourceTree = "<group>"; };
		C048E2D72B4CB02C00E45C15 /* Button_resistivityUnits.swift */ = {isa = PBXFileReference; lastKnownFileType = sourcecode.swift; path = Button_resistivityUnits.swift; sourceTree = "<group>"; };
		C048E2D92B4CB0A500E45C15 /* Button_resistanceUnits.swift */ = {isa = PBXFileReference; lastKnownFileType = sourcecode.swift; path = Button_resistanceUnits.swift; sourceTree = "<group>"; };
		C048E2DB2B4CB14100E45C15 /* Button_clearAll.swift */ = {isa = PBXFileReference; lastKnownFileType = sourcecode.swift; path = Button_clearAll.swift; sourceTree = "<group>"; };
		C048E2DD2B4CB27800E45C15 /* Button_selectAll.swift */ = {isa = PBXFileReference; lastKnownFileType = sourcecode.swift; path = Button_selectAll.swift; sourceTree = "<group>"; };
		C048E2DF2B4CB29D00E45C15 /* Button_export.swift */ = {isa = PBXFileReference; lastKnownFileType = sourcecode.swift; path = Button_export.swift; sourceTree = "<group>"; };
		C048E2E12B4CB35500E45C15 /* Button_connectToNanovoltmeter.swift */ = {isa = PBXFileReference; lastKnownFileType = sourcecode.swift; path = Button_connectToNanovoltmeter.swift; sourceTree = "<group>"; };
		C048E2E32B4CB51B00E45C15 /* Button_measureResistanceWithNanovoltmeter.swift */ = {isa = PBXFileReference; lastKnownFileType = sourcecode.swift; path = Button_measureResistanceWithNanovoltmeter.swift; sourceTree = "<group>"; };
		C048E2E82B4CB6F200E45C15 /* ResistivityApp_menuItems.swift */ = {isa = PBXFileReference; lastKnownFileType = sourcecode.swift; path = ResistivityApp_menuItems.swift; sourceTree = "<group>"; };
		C049B58B2B4F69F10010FA96 /* AppController_Measurements.swift */ = {isa = PBXFileReference; lastKnownFileType = sourcecode.swift; path = AppController_Measurements.swift; sourceTree = "<group>"; };
		C049B58D2B4F6A3A0010FA96 /* AppController_Export.swift */ = {isa = PBXFileReference; lastKnownFileType = sourcecode.swift; path = AppController_Export.swift; sourceTree = "<group>"; };
		C049B5912B4F6E090010FA96 /* DataCollectionController_Measurements.swift */ = {isa = PBXFileReference; lastKnownFileType = sourcecode.swift; path = DataCollectionController_Measurements.swift; sourceTree = "<group>"; };
		C049B5942B4F70190010FA96 /* DataModel_Measurements.swift */ = {isa = PBXFileReference; lastKnownFileType = sourcecode.swift; path = DataModel_Measurements.swift; sourceTree = "<group>"; };
		C049B5962B4F704A0010FA96 /* DataModel_InitialData.swift */ = {isa = PBXFileReference; lastKnownFileType = sourcecode.swift; path = DataModel_InitialData.swift; sourceTree = "<group>"; };
		C04F9DCA2B390C4F00CC368C /* MeasurementSettings.swift */ = {isa = PBXFileReference; lastKnownFileType = sourcecode.swift; path = MeasurementSettings.swift; sourceTree = "<group>"; };
		C051DA942B5254180075D317 /* MeasurementType.swift */ = {isa = PBXFileReference; lastKnownFileType = sourcecode.swift; path = MeasurementType.swift; sourceTree = "<group>"; };
		C051DA962B5256730075D317 /* GraphMeasurementsPreview.swift */ = {isa = PBXFileReference; lastKnownFileType = sourcecode.swift; path = GraphMeasurementsPreview.swift; sourceTree = "<group>"; };
		C051DA992B52584E0075D317 /* MeasurementsGraphView.swift */ = {isa = PBXFileReference; lastKnownFileType = sourcecode.swift; path = MeasurementsGraphView.swift; sourceTree = "<group>"; };
		C06955BA2B51E5B90041AE7C /* GraphMeasurementsView.swift */ = {isa = PBXFileReference; lastKnownFileType = sourcecode.swift; path = GraphMeasurementsView.swift; sourceTree = "<group>"; };
		C07145482B4CC7C800FBB650 /* ResistivityApp_toolbarItems.swift */ = {isa = PBXFileReference; lastKnownFileType = sourcecode.swift; path = ResistivityApp_toolbarItems.swift; sourceTree = "<group>"; };
		C078BAFF2AD0A509002AF86B /* VISAInstrumentProtocol.swift */ = {isa = PBXFileReference; lastKnownFileType = sourcecode.swift; path = VISAInstrumentProtocol.swift; sourceTree = "<group>"; };
		C078BB022AD2612E002AF86B /* IPAddressValidity.swift */ = {isa = PBXFileReference; lastKnownFileType = sourcecode.swift; path = IPAddressValidity.swift; sourceTree = "<group>"; };
		C078BB042AD26368002AF86B /* Array_Statistics.swift */ = {isa = PBXFileReference; lastKnownFileType = sourcecode.swift; path = Array_Statistics.swift; sourceTree = "<group>"; };
		C078BB062AD26CDF002AF86B /* Statistics.swift */ = {isa = PBXFileReference; lastKnownFileType = sourcecode.swift; path = Statistics.swift; sourceTree = "<group>"; };
		C08CA0B42B3F5C270082E4CB /* ResistivityAppDelegate.swift */ = {isa = PBXFileReference; lastKnownFileType = sourcecode.swift; path = ResistivityAppDelegate.swift; sourceTree = "<group>"; };
		C094C1812AC5F91B00E655CA /* Resistivity.app */ = {isa = PBXFileReference; explicitFileType = wrapper.application; includeInIndex = 0; path = Resistivity.app; sourceTree = BUILT_PRODUCTS_DIR; };
		C094C1842AC5F91B00E655CA /* ResistivityApp.swift */ = {isa = PBXFileReference; lastKnownFileType = sourcecode.swift; path = ResistivityApp.swift; sourceTree = "<group>"; };
		C094C1862AC5F91B00E655CA /* ContentView.swift */ = {isa = PBXFileReference; lastKnownFileType = sourcecode.swift; path = ContentView.swift; sourceTree = "<group>"; };
		C094C1882AC5F91C00E655CA /* Assets.xcassets */ = {isa = PBXFileReference; lastKnownFileType = folder.assetcatalog; path = Assets.xcassets; sourceTree = "<group>"; };
		C094C18B2AC5F91C00E655CA /* Preview Assets.xcassets */ = {isa = PBXFileReference; lastKnownFileType = folder.assetcatalog; path = "Preview Assets.xcassets"; sourceTree = "<group>"; };
		C094C18D2AC5F91C00E655CA /* Resistivity.entitlements */ = {isa = PBXFileReference; lastKnownFileType = text.plist.entitlements; path = Resistivity.entitlements; sourceTree = "<group>"; };
		C094C19C2AC5F9EE00E655CA /* OmhMeterControllerProtocol.swift */ = {isa = PBXFileReference; lastKnownFileType = sourcecode.swift; path = OmhMeterControllerProtocol.swift; sourceTree = "<group>"; };
		C094C19E2AC5FA4900E655CA /* ReturnMode.swift */ = {isa = PBXFileReference; lastKnownFileType = sourcecode.swift; path = ReturnMode.swift; sourceTree = "<group>"; };
		C094C1A02AC5FA6E00E655CA /* NanoVoltMeterController.swift */ = {isa = PBXFileReference; lastKnownFileType = sourcecode.swift; path = NanoVoltMeterController.swift; sourceTree = "<group>"; };
		C09CC3BA2DDE95BC0098DDAE /* HRGPreferences.swift */ = {isa = PBXFileReference; lastKnownFileType = sourcecode.swift; path = HRGPreferences.swift; sourceTree = "<group>"; };
		C09DDB1A2B50F2A6007CAA73 /* StatisticsView.swift */ = {isa = PBXFileReference; lastKnownFileType = sourcecode.swift; path = StatisticsView.swift; sourceTree = "<group>"; };
		C09DDB1C2B50F330007CAA73 /* Statistic.swift */ = {isa = PBXFileReference; lastKnownFileType = sourcecode.swift; path = Statistic.swift; sourceTree = "<group>"; };
		C09DDB1E2B50F97D007CAA73 /* NumberFormatter_Double.swift */ = {isa = PBXFileReference; lastKnownFileType = sourcecode.swift; path = NumberFormatter_Double.swift; sourceTree = "<group>"; };
		C0A365992AC7CC0700EA2EB6 /* SimulatedNanoVoltMeterController.swift */ = {isa = PBXFileReference; lastKnownFileType = sourcecode.swift; path = SimulatedNanoVoltMeterController.swift; sourceTree = "<group>"; };
		C0A3659B2AC7CCC400EA2EB6 /* TimeUnits.swift */ = {isa = PBXFileReference; lastKnownFileType = sourcecode.swift; path = TimeUnits.swift; sourceTree = "<group>"; };
		C0A3659D2AC7D25A00EA2EB6 /* ResistanceUnits.swift */ = {isa = PBXFileReference; lastKnownFileType = sourcecode.swift; path = ResistanceUnits.swift; sourceTree = "<group>"; };
		C0A365A02AC7D4EF00EA2EB6 /* ConvertableUnits_Protocol.swift */ = {isa = PBXFileReference; lastKnownFileType = sourcecode.swift; path = ConvertableUnits_Protocol.swift; sourceTree = "<group>"; };
		C0B608972AC610E0008B0A39 /* Decoders.swift */ = {isa = PBXFileReference; lastKnownFileType = sourcecode.swift; path = Decoders.swift; sourceTree = "<group>"; };
		C0C20EAA2B466AC4007EBA53 /* Sample_Exportable.swift */ = {isa = PBXFileReference; lastKnownFileType = sourcecode.swift; path = Sample_Exportable.swift; sourceTree = "<group>"; };
		C0C20EAC2B467B25007EBA53 /* Info.plist */ = {isa = PBXFileReference; lastKnownFileType = text.plist; path = Info.plist; sourceTree = "<group>"; };
		C0C2C02D2AD8A41A00E2385E /* SampleInfo.swift */ = {isa = PBXFileReference; lastKnownFileType = sourcecode.swift; path = SampleInfo.swift; sourceTree = "<group>"; };
		C0C2C02F2AD8A48000E2385E /* Location.swift */ = {isa = PBXFileReference; lastKnownFileType = sourcecode.swift; path = Location.swift; sourceTree = "<group>"; };
		C0C2C0322AD8A55E00E2385E /* Exportable.swift */ = {isa = PBXFileReference; lastKnownFileType = sourcecode.swift; path = Exportable.swift; sourceTree = "<group>"; };
		C0C2C0342AD8A62000E2385E /* Measurement_Exportable.swift */ = {isa = PBXFileReference; lastKnownFileType = sourcecode.swift; path = Measurement_Exportable.swift; sourceTree = "<group>"; };
		C0C2C0362AD8A9C200E2385E /* Statistics_Exportable.swift */ = {isa = PBXFileReference; lastKnownFileType = sourcecode.swift; path = Statistics_Exportable.swift; sourceTree = "<group>"; };
		C0C2C03A2AD8F8DF00E2385E /* ResistivityMeasurementSettings.swift */ = {isa = PBXFileReference; lastKnownFileType = sourcecode.swift; path = ResistivityMeasurementSettings.swift; sourceTree = "<group>"; };
		C0D122722B4268EB00BBFFC8 /* ResistivityUnits.swift */ = {isa = PBXFileReference; lastKnownFileType = sourcecode.swift; path = ResistivityUnits.swift; sourceTree = "<group>"; };
		C0D122762B42859C00BBFFC8 /* UnitsSettings.swift */ = {isa = PBXFileReference; lastKnownFileType = sourcecode.swift; path = UnitsSettings.swift; sourceTree = "<group>"; };
		C0DB47072ACB313600FBAC23 /* Notifications.swift */ = {isa = PBXFileReference; lastKnownFileType = sourcecode.swift; path = Notifications.swift; sourceTree = "<group>"; };
		C0DB47092ACB315500FBAC23 /* Style.swift */ = {isa = PBXFileReference; lastKnownFileType = sourcecode.swift; path = Style.swift; sourceTree = "<group>"; };
		C0DB470B2ACB32FE00FBAC23 /* MeasurementConfiguratorView.swift */ = {isa = PBXFileReference; lastKnownFileType = sourcecode.swift; path = MeasurementConfiguratorView.swift; sourceTree = "<group>"; };
		C0DB470D2ACB367B00FBAC23 /* SummaryStatisticsView.swift */ = {isa = PBXFileReference; lastKnownFileType = sourcecode.swift; path = SummaryStatisticsView.swift; sourceTree = "<group>"; };
		C0DB470F2ACB38AF00FBAC23 /* SampleInformationView.swift */ = {isa = PBXFileReference; lastKnownFileType = sourcecode.swift; path = SampleInformationView.swift; sourceTree = "<group>"; };
		C0DB47112ACB404500FBAC23 /* ResultsTabView.swift */ = {isa = PBXFileReference; lastKnownFileType = sourcecode.swift; path = ResultsTabView.swift; sourceTree = "<group>"; };
		C0DB47142ACB40F500FBAC23 /* TabLabel.swift */ = {isa = PBXFileReference; lastKnownFileType = sourcecode.swift; path = TabLabel.swift; sourceTree = "<group>"; };
		C0DB47162ACB44C800FBAC23 /* PreferencesView.swift */ = {isa = PBXFileReference; lastKnownFileType = sourcecode.swift; path = PreferencesView.swift; sourceTree = "<group>"; };
		C0DB47182ACB4AAA00FBAC23 /* DataCollectionController.swift */ = {isa = PBXFileReference; lastKnownFileType = sourcecode.swift; path = DataCollectionController.swift; sourceTree = "<group>"; };
		C0DB471A2ACB4F6A00FBAC23 /* Measurement.swift */ = {isa = PBXFileReference; lastKnownFileType = sourcecode.swift; path = Measurement.swift; sourceTree = "<group>"; };
		C0DB471C2ACB4FFA00FBAC23 /* DelayType.swift */ = {isa = PBXFileReference; lastKnownFileType = sourcecode.swift; path = DelayType.swift; sourceTree = "<group>"; };
		C0DB47202ACB509B00FBAC23 /* Sample.swift */ = {isa = PBXFileReference; lastKnownFileType = sourcecode.swift; path = Sample.swift; sourceTree = "<group>"; };
		C0DE77DC2B47C56D006BC54B /* SelectionManager.swift */ = {isa = PBXFileReference; lastKnownFileType = sourcecode.swift; path = SelectionManager.swift; sourceTree = "<group>"; };
		C0DE77DE2B47CE6D006BC54B /* CopyMeasurementsButton.swift */ = {isa = PBXFileReference; lastKnownFileType = sourcecode.swift; path = CopyMeasurementsButton.swift; sourceTree = "<group>"; };
		C0DE77E12B47CF69006BC54B /* DeleteMeasurementsButton.swift */ = {isa = PBXFileReference; lastKnownFileType = sourcecode.swift; path = DeleteMeasurementsButton.swift; sourceTree = "<group>"; };
		C0E8B7BF2B4327CA002CEBA8 /* DataViewModel.swift */ = {isa = PBXFileReference; lastKnownFileType = sourcecode.swift; path = DataViewModel.swift; sourceTree = "<group>"; };
		C0E8B7C32B43CD60002CEBA8 /* ResistivityMeasurementInfo_Exportable.swift */ = {isa = PBXFileReference; lastKnownFileType = sourcecode.swift; path = ResistivityMeasurementInfo_Exportable.swift; sourceTree = "<group>"; };
		C0E8B7C52B43D108002CEBA8 /* LineResistanceInfo_Exportable.swift */ = {isa = PBXFileReference; lastKnownFileType = sourcecode.swift; path = LineResistanceInfo_Exportable.swift; sourceTree = "<group>"; };
		C0E8B7C72B43D14B002CEBA8 /* LocationInfo_Exportable.swift */ = {isa = PBXFileReference; lastKnownFileType = sourcecode.swift; path = LocationInfo_Exportable.swift; sourceTree = "<group>"; };
		C0E8B7C92B43D18F002CEBA8 /* SampleInfo_Exportable.swift */ = {isa = PBXFileReference; lastKnownFileType = sourcecode.swift; path = SampleInfo_Exportable.swift; sourceTree = "<group>"; };
		C0E8B7CB2B43D44F002CEBA8 /* ExportManager.swift */ = {isa = PBXFileReference; lastKnownFileType = sourcecode.swift; path = ExportManager.swift; sourceTree = "<group>"; };
		C0ED06AA2B34FA750050D626 /* ResistivityMeasurementInfo.swift */ = {isa = PBXFileReference; lastKnownFileType = sourcecode.swift; path = ResistivityMeasurementInfo.swift; sourceTree = "<group>"; };
		C0ED06AC2B34FA970050D626 /* LineResistanceSettings.swift */ = {isa = PBXFileReference; lastKnownFileType = sourcecode.swift; path = LineResistanceSettings.swift; sourceTree = "<group>"; };
		C0ED06AF2B34FF300050D626 /* Protocol_Info.swift */ = {isa = PBXFileReference; lastKnownFileType = sourcecode.swift; path = Protocol_Info.swift; sourceTree = "<group>"; };
		C0ED06B32B3544090050D626 /* LocationSettings.swift */ = {isa = PBXFileReference; lastKnownFileType = sourcecode.swift; path = LocationSettings.swift; sourceTree = "<group>"; };
		C0ED06B62B3545470050D626 /* SampleSettings.swift */ = {isa = PBXFileReference; lastKnownFileType = sourcecode.swift; path = SampleSettings.swift; sourceTree = "<group>"; };
		C0FD931A2B53381D0025C949 /* GraphSummaryView.swift */ = {isa = PBXFileReference; lastKnownFileType = sourcecode.swift; path = GraphSummaryView.swift; sourceTree = "<group>"; };
		C0FD931D2B533FFF0025C949 /* SamplesGraphView.swift */ = {isa = PBXFileReference; lastKnownFileType = sourcecode.swift; path = SamplesGraphView.swift; sourceTree = "<group>"; };
		C0FD931F2B53401C0025C949 /* GraphSummaryPreview.swift */ = {isa = PBXFileReference; lastKnownFileType = sourcecode.swift; path = GraphSummaryPreview.swift; sourceTree = "<group>"; };
		C0FFEF402AF7510C00CCBD97 /* DataModel.swift */ = {isa = PBXFileReference; lastKnownFileType = sourcecode.swift; path = DataModel.swift; sourceTree = "<group>"; };
/* End PBXFileReference section */

/* Begin PBXFrameworksBuildPhase section */
		C094C17E2AC5F91B00E655CA /* Frameworks */ = {
			isa = PBXFrameworksBuildPhase;
			buildActionMask = 2147483647;
			files = (
				C094C1952AC5F97C00E655CA /* SwiftVISASwift in Frameworks */,
			);
			runOnlyForDeploymentPostprocessing = 0;
		};
/* End PBXFrameworksBuildPhase section */

/* Begin PBXGroup section */
		C011FD062B37D9A8008F8066 /* Measurement Configuration */ = {
			isa = PBXGroup;
			children = (
				C011FD042B37D37A008F8066 /* LineResistanceSettingsView.swift */,
				C0DB470B2ACB32FE00FBAC23 /* MeasurementConfiguratorView.swift */,
				C011FD022B37D223008F8066 /* ResistivitySettingsView.swift */,
				C0DB470F2ACB38AF00FBAC23 /* SampleInformationView.swift */,
			);
			path = "Measurement Configuration";
			sourceTree = "<group>";
		};
		C011FD072B38A179008F8066 /* Results Views */ = {
			isa = PBXGroup;
			children = (
				C0DB47112ACB404500FBAC23 /* ResultsTabView.swift */,
				C013247F2B106AA100DCAC6D /* ResultsTableView.swift */,
				C051DA982B5258040075D317 /* Measurements Graphs */,
			);
			path = "Results Views";
			sourceTree = "<group>";
		};
		C048E2D42B4CAF5500E45C15 /* Buttons */ = {
			isa = PBXGroup;
			children = (
				C0DE77DE2B47CE6D006BC54B /* CopyMeasurementsButton.swift */,
				C0DE77E12B47CF69006BC54B /* DeleteMeasurementsButton.swift */,
				C048E2DB2B4CB14100E45C15 /* Button_clearAll.swift */,
				C048E2DD2B4CB27800E45C15 /* Button_selectAll.swift */,
				C048E2DF2B4CB29D00E45C15 /* Button_export.swift */,
			);
			path = Buttons;
			sourceTree = "<group>";
		};
		C049B58A2B4F69C30010FA96 /* AppController Extensions */ = {
			isa = PBXGroup;
			children = (
				C049B58B2B4F69F10010FA96 /* AppController_Measurements.swift */,
				C049B58D2B4F6A3A0010FA96 /* AppController_Export.swift */,
			);
			path = "AppController Extensions";
			sourceTree = "<group>";
		};
		C049B58F2B4F6B860010FA96 /* DataCollectionController Extensions */ = {
			isa = PBXGroup;
			children = (
				C049B5912B4F6E090010FA96 /* DataCollectionController_Measurements.swift */,
			);
			path = "DataCollectionController Extensions";
			sourceTree = "<group>";
		};
		C049B5932B4F6FF50010FA96 /* DataModel_Extensions */ = {
			isa = PBXGroup;
			children = (
				C049B5942B4F70190010FA96 /* DataModel_Measurements.swift */,
				C049B5962B4F704A0010FA96 /* DataModel_InitialData.swift */,
			);
			path = DataModel_Extensions;
			sourceTree = "<group>";
		};
		C051DA982B5258040075D317 /* Measurements Graphs */ = {
			isa = PBXGroup;
			children = (
				C06955BA2B51E5B90041AE7C /* GraphMeasurementsView.swift */,
				C051DA962B5256730075D317 /* GraphMeasurementsPreview.swift */,
				C051DA992B52584E0075D317 /* MeasurementsGraphView.swift */,
			);
			path = "Measurements Graphs";
			sourceTree = "<group>";
		};
		C071454A2B4CC81000FBB650 /* Toolbar and Menus */ = {
			isa = PBXGroup;
			children = (
				C048E2E82B4CB6F200E45C15 /* ResistivityApp_menuItems.swift */,
				C07145482B4CC7C800FBB650 /* ResistivityApp_toolbarItems.swift */,
				C003927C2B50A05100E8B4FB /* Button_lineResistanceUnits.swift */,
				C048E2D72B4CB02C00E45C15 /* Button_resistivityUnits.swift */,
				C048E2D92B4CB0A500E45C15 /* Button_resistanceUnits.swift */,
				C048E2E12B4CB35500E45C15 /* Button_connectToNanovoltmeter.swift */,
				C048E2E32B4CB51B00E45C15 /* Button_measureResistanceWithNanovoltmeter.swift */,
			);
			path = "Toolbar and Menus";
			sourceTree = "<group>";
		};
		C078BB012AD0A52D002AF86B /* Protocols */ = {
			isa = PBXGroup;
			children = (
				C094C19C2AC5F9EE00E655CA /* OmhMeterControllerProtocol.swift */,
				C078BAFF2AD0A509002AF86B /* VISAInstrumentProtocol.swift */,
			);
			path = Protocols;
			sourceTree = "<group>";
		};
		C094C1782AC5F91B00E655CA = {
			isa = PBXGroup;
			children = (
				C094C1832AC5F91B00E655CA /* Resistivity */,
				C094C1822AC5F91B00E655CA /* Products */,
			);
			sourceTree = "<group>";
		};
		C094C1822AC5F91B00E655CA /* Products */ = {
			isa = PBXGroup;
			children = (
				C094C1812AC5F91B00E655CA /* Resistivity.app */,
			);
			name = Products;
			sourceTree = "<group>";
		};
		C094C1832AC5F91B00E655CA /* Resistivity */ = {
			isa = PBXGroup;
			children = (
				C0C20EAC2B467B25007EBA53 /* Info.plist */,
				C094C1842AC5F91B00E655CA /* ResistivityApp.swift */,
				C094C1862AC5F91B00E655CA /* ContentView.swift */,
				C094C19A2AC5F9B100E655CA /* Controllers */,
				C094C1992AC5F9A800E655CA /* Data Models */,
				C0FFEF3D2AF750D500CCBD97 /* Settings */,
				C094C1982AC5F99E00E655CA /* View Models */,
				C094C1972AC5F99400E655CA /* Views */,
				C0DB47062ACB312800FBAC23 /* Utilities */,
				C094C1882AC5F91C00E655CA /* Assets.xcassets */,
				C094C18D2AC5F91C00E655CA /* Resistivity.entitlements */,
				C094C18A2AC5F91C00E655CA /* Preview Content */,
			);
			path = Resistivity;
			sourceTree = "<group>";
		};
		C094C18A2AC5F91C00E655CA /* Preview Content */ = {
			isa = PBXGroup;
			children = (
				C094C18B2AC5F91C00E655CA /* Preview Assets.xcassets */,
			);
			path = "Preview Content";
			sourceTree = "<group>";
		};
		C094C1972AC5F99400E655CA /* Views */ = {
			isa = PBXGroup;
			children = (
				C011FD062B37D9A8008F8066 /* Measurement Configuration */,
				C0DB47132ACB40DE00FBAC23 /* General Views */,
				C011FD072B38A179008F8066 /* Results Views */,
				C0FD931C2B5338360025C949 /* Summary Graphs */,
				C09DDB182B50F25D007CAA73 /* Statistics Views */,
			);
			path = Views;
			sourceTree = "<group>";
		};
		C094C1982AC5F99E00E655CA /* View Models */ = {
			isa = PBXGroup;
			children = (
				C0E8B7BF2B4327CA002CEBA8 /* DataViewModel.swift */,
				C0ED06AC2B34FA970050D626 /* LineResistanceSettings.swift */,
				C0ED06B32B3544090050D626 /* LocationSettings.swift */,
				C04F9DCA2B390C4F00CC368C /* MeasurementSettings.swift */,
				C0C2C03A2AD8F8DF00E2385E /* ResistivityMeasurementSettings.swift */,
				C0ED06B62B3545470050D626 /* SampleSettings.swift */,
				C0D122762B42859C00BBFFC8 /* UnitsSettings.swift */,
			);
			path = "View Models";
			sourceTree = "<group>";
		};
		C094C1992AC5F9A800E655CA /* Data Models */ = {
			isa = PBXGroup;
			children = (
				C0FFEF402AF7510C00CCBD97 /* DataModel.swift */,
				C049B5932B4F6FF50010FA96 /* DataModel_Extensions */,
				C0ED06AE2B34FF140050D626 /* Info */,
				C0FFEF3C2AF750B200CCBD97 /* Measurements */,
				C0FFEF3E2AF750E900CCBD97 /* Statistics */,
				C0A3659F2AC7D4C200EA2EB6 /* Units */,
			);
			path = "Data Models";
			sourceTree = "<group>";
		};
		C094C19A2AC5F9B100E655CA /* Controllers */ = {
			isa = PBXGroup;
			children = (
				C036EAD02B0DBE8200CB02D6 /* AppController.swift */,
				C049B58A2B4F69C30010FA96 /* AppController Extensions */,
				C0DB47182ACB4AAA00FBAC23 /* DataCollectionController.swift */,
				C049B58F2B4F6B860010FA96 /* DataCollectionController Extensions */,
				C013247D2B1030DB00DCAC6D /* EquipmentStatus.swift */,
				C0DE77DC2B47C56D006BC54B /* SelectionManager.swift */,
				C0C2C0312AD8A54000E2385E /* Exporting */,
				C094C19B2AC5F9D600E655CA /* Instrument Controllers */,
			);
			path = Controllers;
			sourceTree = "<group>";
		};
		C094C19B2AC5F9D600E655CA /* Instrument Controllers */ = {
			isa = PBXGroup;
			children = (
				C078BB012AD0A52D002AF86B /* Protocols */,
				C0B608972AC610E0008B0A39 /* Decoders.swift */,
				C094C1A02AC5FA6E00E655CA /* NanoVoltMeterController.swift */,
				C094C19E2AC5FA4900E655CA /* ReturnMode.swift */,
				C0A365992AC7CC0700EA2EB6 /* SimulatedNanoVoltMeterController.swift */,
			);
			path = "Instrument Controllers";
			sourceTree = "<group>";
		};
		C09DDB182B50F25D007CAA73 /* Statistics Views */ = {
			isa = PBXGroup;
			children = (
				C0DB470D2ACB367B00FBAC23 /* SummaryStatisticsView.swift */,
				C09DDB1A2B50F2A6007CAA73 /* StatisticsView.swift */,
			);
			path = "Statistics Views";
			sourceTree = "<group>";
		};
		C0A3659F2AC7D4C200EA2EB6 /* Units */ = {
			isa = PBXGroup;
			children = (
				C0A365A02AC7D4EF00EA2EB6 /* ConvertableUnits_Protocol.swift */,
				C048E2D22B4CAC4000E45C15 /* LineResistanceUnits.swift */,
				C0A3659D2AC7D25A00EA2EB6 /* ResistanceUnits.swift */,
				C0D122722B4268EB00BBFFC8 /* ResistivityUnits.swift */,
				C0A3659B2AC7CCC400EA2EB6 /* TimeUnits.swift */,
				C051DA942B5254180075D317 /* MeasurementType.swift */,
				C00C54392B52FAAD0018DE41 /* LengthUnits.swift */,
			);
			path = Units;
			sourceTree = "<group>";
		};
		C0C2C0312AD8A54000E2385E /* Exporting */ = {
			isa = PBXGroup;
			children = (
				C0E8B7CB2B43D44F002CEBA8 /* ExportManager.swift */,
				C0C2C0322AD8A55E00E2385E /* Exportable.swift */,
				C0C2C0342AD8A62000E2385E /* Measurement_Exportable.swift */,
				C0E8B7C52B43D108002CEBA8 /* LineResistanceInfo_Exportable.swift */,
				C0E8B7C72B43D14B002CEBA8 /* LocationInfo_Exportable.swift */,
				C0E8B7C32B43CD60002CEBA8 /* ResistivityMeasurementInfo_Exportable.swift */,
				C0C2C0362AD8A9C200E2385E /* Statistics_Exportable.swift */,
				C0E8B7C92B43D18F002CEBA8 /* SampleInfo_Exportable.swift */,
				C0C20EAA2B466AC4007EBA53 /* Sample_Exportable.swift */,
			);
			path = Exporting;
			sourceTree = "<group>";
		};
		C0DB47062ACB312800FBAC23 /* Utilities */ = {
			isa = PBXGroup;
			children = (
				C078BB042AD26368002AF86B /* Array_Statistics.swift */,
				C0DB47072ACB313600FBAC23 /* Notifications.swift */,
				C0DB47092ACB315500FBAC23 /* Style.swift */,
				C078BB022AD2612E002AF86B /* IPAddressValidity.swift */,
				C09DDB1E2B50F97D007CAA73 /* NumberFormatter_Double.swift */,
			);
			path = Utilities;
			sourceTree = "<group>";
		};
		C0DB47132ACB40DE00FBAC23 /* General Views */ = {
			isa = PBXGroup;
			children = (
				C0DB47162ACB44C800FBAC23 /* PreferencesView.swift */,
				C071454A2B4CC81000FBB650 /* Toolbar and Menus */,
				C048E2D42B4CAF5500E45C15 /* Buttons */,
				C0DB47142ACB40F500FBAC23 /* TabLabel.swift */,
			);
			path = "General Views";
			sourceTree = "<group>";
		};
		C0ED06AE2B34FF140050D626 /* Info */ = {
			isa = PBXGroup;
			children = (
				C0ED06AF2B34FF300050D626 /* Protocol_Info.swift */,
				C00D824F2B27A85F004024E9 /* LineResistanceInfo.swift */,
				C011FCFE2B360088008F8066 /* LocationInfo.swift */,
				C0ED06AA2B34FA750050D626 /* ResistivityMeasurementInfo.swift */,
				C0C2C02D2AD8A41A00E2385E /* SampleInfo.swift */,
			);
			path = Info;
			sourceTree = "<group>";
		};
		C0FD931C2B5338360025C949 /* Summary Graphs */ = {
			isa = PBXGroup;
			children = (
				C0FD931D2B533FFF0025C949 /* SamplesGraphView.swift */,
				C0FD931A2B53381D0025C949 /* GraphSummaryView.swift */,
				C0FD931F2B53401C0025C949 /* GraphSummaryPreview.swift */,
			);
			path = "Summary Graphs";
			sourceTree = "<group>";
		};
		C0FFEF3C2AF750B200CCBD97 /* Measurements */ = {
			isa = PBXGroup;
			children = (
				C0C2C02F2AD8A48000E2385E /* Location.swift */,
				C0DB471A2ACB4F6A00FBAC23 /* Measurement.swift */,
				C0DB47202ACB509B00FBAC23 /* Sample.swift */,
			);
			path = Measurements;
			sourceTree = "<group>";
		};
		C0FFEF3D2AF750D500CCBD97 /* Settings */ = {
			isa = PBXGroup;
			children = (
				C0DB471C2ACB4FFA00FBAC23 /* DelayType.swift */,
				C08CA0B42B3F5C270082E4CB /* ResistivityAppDelegate.swift */,
				C09CC3BA2DDE95BC0098DDAE /* HRGPreferences.swift */,
			);
			path = Settings;
			sourceTree = "<group>";
		};
		C0FFEF3E2AF750E900CCBD97 /* Statistics */ = {
			isa = PBXGroup;
			children = (
				C078BB062AD26CDF002AF86B /* Statistics.swift */,
				C09DDB1C2B50F330007CAA73 /* Statistic.swift */,
			);
			path = Statistics;
			sourceTree = "<group>";
		};
/* End PBXGroup section */

/* Begin PBXNativeTarget section */
		C094C1802AC5F91B00E655CA /* Resistivity */ = {
			isa = PBXNativeTarget;
			buildConfigurationList = C094C1902AC5F91C00E655CA /* Build configuration list for PBXNativeTarget "Resistivity" */;
			buildPhases = (
				C094C17D2AC5F91B00E655CA /* Sources */,
				C094C17E2AC5F91B00E655CA /* Frameworks */,
				C094C17F2AC5F91B00E655CA /* Resources */,
			);
			buildRules = (
			);
			dependencies = (
			);
			name = Resistivity;
			packageProductDependencies = (
				C094C1942AC5F97C00E655CA /* SwiftVISASwift */,
			);
			productName = Resistivity;
			productReference = C094C1812AC5F91B00E655CA /* Resistivity.app */;
			productType = "com.apple.product-type.application";
		};
/* End PBXNativeTarget section */

/* Begin PBXProject section */
		C094C1792AC5F91B00E655CA /* Project object */ = {
			isa = PBXProject;
			attributes = {
				BuildIndependentTargetsInParallel = 1;
				LastSwiftUpdateCheck = 1500;
				LastUpgradeCheck = 1510;
				TargetAttributes = {
					C094C1802AC5F91B00E655CA = {
						CreatedOnToolsVersion = 15.0;
					};
				};
			};
			buildConfigurationList = C094C17C2AC5F91B00E655CA /* Build configuration list for PBXProject "Resistivity" */;
			compatibilityVersion = "Xcode 14.0";
			developmentRegion = en;
			hasScannedForEncodings = 0;
			knownRegions = (
				en,
				Base,
			);
			mainGroup = C094C1782AC5F91B00E655CA;
			packageReferences = (
				C094C1932AC5F97C00E655CA /* XCRemoteSwiftPackageReference "SwiftVISASwift" */,
			);
			productRefGroup = C094C1822AC5F91B00E655CA /* Products */;
			projectDirPath = "";
			projectRoot = "";
			targets = (
				C094C1802AC5F91B00E655CA /* Resistivity */,
			);
		};
/* End PBXProject section */

/* Begin PBXResourcesBuildPhase section */
		C094C17F2AC5F91B00E655CA /* Resources */ = {
			isa = PBXResourcesBuildPhase;
			buildActionMask = 2147483647;
			files = (
				C094C18C2AC5F91C00E655CA /* Preview Assets.xcassets in Resources */,
				C094C1892AC5F91C00E655CA /* Assets.xcassets in Resources */,
			);
			runOnlyForDeploymentPostprocessing = 0;
		};
/* End PBXResourcesBuildPhase section */

/* Begin PBXSourcesBuildPhase section */
		C094C17D2AC5F91B00E655CA /* Sources */ = {
			isa = PBXSourcesBuildPhase;
			buildActionMask = 2147483647;
			files = (
				C0C2C0352AD8A62000E2385E /* Measurement_Exportable.swift in Sources */,
				C048E2DE2B4CB27800E45C15 /* Button_selectAll.swift in Sources */,
				C0B608982AC610E0008B0A39 /* Decoders.swift in Sources */,
				C0FD931B2B53381D0025C949 /* GraphSummaryView.swift in Sources */,
				C048E2E92B4CB6F200E45C15 /* ResistivityApp_menuItems.swift in Sources */,
				C0ED06AB2B34FA750050D626 /* ResistivityMeasurementInfo.swift in Sources */,
				C0FFEF412AF7510C00CCBD97 /* DataModel.swift in Sources */,
				C0ED06B72B3545470050D626 /* SampleSettings.swift in Sources */,
				C048E2E02B4CB29D00E45C15 /* Button_export.swift in Sources */,
				C049B5922B4F6E090010FA96 /* DataCollectionController_Measurements.swift in Sources */,
				C078BB002AD0A509002AF86B /* VISAInstrumentProtocol.swift in Sources */,
				C0DE77DD2B47C56D006BC54B /* SelectionManager.swift in Sources */,
				C094C19F2AC5FA4900E655CA /* ReturnMode.swift in Sources */,
				C051DA9A2B52584E0075D317 /* MeasurementsGraphView.swift in Sources */,
				C0C2C0302AD8A48000E2385E /* Location.swift in Sources */,
				C0E8B7CA2B43D18F002CEBA8 /* SampleInfo_Exportable.swift in Sources */,
				C049B58E2B4F6A3A0010FA96 /* AppController_Export.swift in Sources */,
				C0DB471B2ACB4F6A00FBAC23 /* Measurement.swift in Sources */,
				C0C2C02E2AD8A41A00E2385E /* SampleInfo.swift in Sources */,
				C0FD931E2B533FFF0025C949 /* SamplesGraphView.swift in Sources */,
				C0D122732B4268EB00BBFFC8 /* ResistivityUnits.swift in Sources */,
				C0C20EAB2B466AC4007EBA53 /* Sample_Exportable.swift in Sources */,
				C003927D2B50A05100E8B4FB /* Button_lineResistanceUnits.swift in Sources */,
				C0E8B7C02B4327CA002CEBA8 /* DataViewModel.swift in Sources */,
				C0C2C0372AD8A9C200E2385E /* Statistics_Exportable.swift in Sources */,
				C0DE77E22B47CF69006BC54B /* DeleteMeasurementsButton.swift in Sources */,
				C09CC3BB2DDE95BC0098DDAE /* HRGPreferences.swift in Sources */,
				C0E8B7C62B43D108002CEBA8 /* LineResistanceInfo_Exportable.swift in Sources */,
				C00C543A2B52FAAD0018DE41 /* LengthUnits.swift in Sources */,
				C0DB47082ACB313600FBAC23 /* Notifications.swift in Sources */,
				C0A3659E2AC7D25A00EA2EB6 /* ResistanceUnits.swift in Sources */,
				C0E8B7C82B43D14B002CEBA8 /* LocationInfo_Exportable.swift in Sources */,
				C049B58C2B4F69F10010FA96 /* AppController_Measurements.swift in Sources */,
				C036EAD12B0DBE8300CB02D6 /* AppController.swift in Sources */,
				C048E2DA2B4CB0A500E45C15 /* Button_resistanceUnits.swift in Sources */,
				C09DDB1F2B50F97D007CAA73 /* NumberFormatter_Double.swift in Sources */,
				C0DB47212ACB509B00FBAC23 /* Sample.swift in Sources */,
				C09DDB1B2B50F2A6007CAA73 /* StatisticsView.swift in Sources */,
				C00D82502B27A85F004024E9 /* LineResistanceInfo.swift in Sources */,
				C0C2C03B2AD8F8DF00E2385E /* ResistivityMeasurementSettings.swift in Sources */,
				C0A3659A2AC7CC0700EA2EB6 /* SimulatedNanoVoltMeterController.swift in Sources */,
				C049B5952B4F70190010FA96 /* DataModel_Measurements.swift in Sources */,
				C048E2DC2B4CB14100E45C15 /* Button_clearAll.swift in Sources */,
				C094C1872AC5F91B00E655CA /* ContentView.swift in Sources */,
				C0DB471D2ACB4FFA00FBAC23 /* DelayType.swift in Sources */,
				C0ED06B02B34FF300050D626 /* Protocol_Info.swift in Sources */,
				C0A3659C2AC7CCC400EA2EB6 /* TimeUnits.swift in Sources */,
				C013247E2B1030DC00DCAC6D /* EquipmentStatus.swift in Sources */,
				C0DB47152ACB40F500FBAC23 /* TabLabel.swift in Sources */,
				C0DB47102ACB38AF00FBAC23 /* SampleInformationView.swift in Sources */,
				C0DB470A2ACB315500FBAC23 /* Style.swift in Sources */,
				C0DB47122ACB404500FBAC23 /* ResultsTabView.swift in Sources */,
				C078BB032AD2612E002AF86B /* IPAddressValidity.swift in Sources */,
				C08CA0B52B3F5C270082E4CB /* ResistivityAppDelegate.swift in Sources */,
				C0DB470E2ACB367B00FBAC23 /* SummaryStatisticsView.swift in Sources */,
				C07145492B4CC7C800FBB650 /* ResistivityApp_toolbarItems.swift in Sources */,
				C048E2E42B4CB51B00E45C15 /* Button_measureResistanceWithNanovoltmeter.swift in Sources */,
				C094C1852AC5F91B00E655CA /* ResistivityApp.swift in Sources */,
				C048E2D82B4CB02C00E45C15 /* Button_resistivityUnits.swift in Sources */,
				C0FD93202B53401C0025C949 /* GraphSummaryPreview.swift in Sources */,
				C078BB072AD26CDF002AF86B /* Statistics.swift in Sources */,
				C078BB052AD26368002AF86B /* Array_Statistics.swift in Sources */,
				C01324802B106AA100DCAC6D /* ResultsTableView.swift in Sources */,
				C0DB47172ACB44C800FBAC23 /* PreferencesView.swift in Sources */,
				C0DB470C2ACB32FE00FBAC23 /* MeasurementConfiguratorView.swift in Sources */,
				C0E8B7C42B43CD60002CEBA8 /* ResistivityMeasurementInfo_Exportable.swift in Sources */,
				C0D122772B42859C00BBFFC8 /* UnitsSettings.swift in Sources */,
				C048E2E22B4CB35500E45C15 /* Button_connectToNanovoltmeter.swift in Sources */,
				C049B5972B4F704A0010FA96 /* DataModel_InitialData.swift in Sources */,
				C0ED06B42B3544090050D626 /* LocationSettings.swift in Sources */,
				C011FD052B37D37A008F8066 /* LineResistanceSettingsView.swift in Sources */,
				C051DA952B5254180075D317 /* MeasurementType.swift in Sources */,
				C0E8B7CC2B43D44F002CEBA8 /* ExportManager.swift in Sources */,
				C0A365A12AC7D4EF00EA2EB6 /* ConvertableUnits_Protocol.swift in Sources */,
				C0ED06AD2B34FA970050D626 /* LineResistanceSettings.swift in Sources */,
				C094C1A12AC5FA6E00E655CA /* NanoVoltMeterController.swift in Sources */,
				C094C19D2AC5F9EE00E655CA /* OmhMeterControllerProtocol.swift in Sources */,
				C051DA972B5256730075D317 /* GraphMeasurementsPreview.swift in Sources */,
				C0DE77DF2B47CE6D006BC54B /* CopyMeasurementsButton.swift in Sources */,
				C0DB47192ACB4AAA00FBAC23 /* DataCollectionController.swift in Sources */,
				C06955BB2B51E5B90041AE7C /* GraphMeasurementsView.swift in Sources */,
				C0C2C0332AD8A55E00E2385E /* Exportable.swift in Sources */,
				C048E2D32B4CAC4000E45C15 /* LineResistanceUnits.swift in Sources */,
				C04F9DCB2B390C4F00CC368C /* MeasurementSettings.swift in Sources */,
				C09DDB1D2B50F330007CAA73 /* Statistic.swift in Sources */,
				C011FCFF2B360088008F8066 /* LocationInfo.swift in Sources */,
				C011FD032B37D223008F8066 /* ResistivitySettingsView.swift in Sources */,
			);
			runOnlyForDeploymentPostprocessing = 0;
		};
/* End PBXSourcesBuildPhase section */

/* Begin XCBuildConfiguration section */
		C094C18E2AC5F91C00E655CA /* Debug */ = {
			isa = XCBuildConfiguration;
			buildSettings = {
				ALWAYS_SEARCH_USER_PATHS = NO;
				ASSETCATALOG_COMPILER_GENERATE_SWIFT_ASSET_SYMBOL_EXTENSIONS = YES;
				CLANG_ANALYZER_NONNULL = YES;
				CLANG_ANALYZER_NUMBER_OBJECT_CONVERSION = YES_AGGRESSIVE;
				CLANG_CXX_LANGUAGE_STANDARD = "gnu++20";
				CLANG_ENABLE_MODULES = YES;
				CLANG_ENABLE_OBJC_ARC = YES;
				CLANG_ENABLE_OBJC_WEAK = YES;
				CLANG_WARN_BLOCK_CAPTURE_AUTORELEASING = YES;
				CLANG_WARN_BOOL_CONVERSION = YES;
				CLANG_WARN_COMMA = YES;
				CLANG_WARN_CONSTANT_CONVERSION = YES;
				CLANG_WARN_DEPRECATED_OBJC_IMPLEMENTATIONS = YES;
				CLANG_WARN_DIRECT_OBJC_ISA_USAGE = YES_ERROR;
				CLANG_WARN_DOCUMENTATION_COMMENTS = YES;
				CLANG_WARN_EMPTY_BODY = YES;
				CLANG_WARN_ENUM_CONVERSION = YES;
				CLANG_WARN_INFINITE_RECURSION = YES;
				CLANG_WARN_INT_CONVERSION = YES;
				CLANG_WARN_NON_LITERAL_NULL_CONVERSION = YES;
				CLANG_WARN_OBJC_IMPLICIT_RETAIN_SELF = YES;
				CLANG_WARN_OBJC_LITERAL_CONVERSION = YES;
				CLANG_WARN_OBJC_ROOT_CLASS = YES_ERROR;
				CLANG_WARN_QUOTED_INCLUDE_IN_FRAMEWORK_HEADER = YES;
				CLANG_WARN_RANGE_LOOP_ANALYSIS = YES;
				CLANG_WARN_STRICT_PROTOTYPES = YES;
				CLANG_WARN_SUSPICIOUS_MOVE = YES;
				CLANG_WARN_UNGUARDED_AVAILABILITY = YES_AGGRESSIVE;
				CLANG_WARN_UNREACHABLE_CODE = YES;
				CLANG_WARN__DUPLICATE_METHOD_MATCH = YES;
				COPY_PHASE_STRIP = NO;
				DEAD_CODE_STRIPPING = YES;
				DEBUG_INFORMATION_FORMAT = dwarf;
				ENABLE_STRICT_OBJC_MSGSEND = YES;
				ENABLE_TESTABILITY = YES;
				ENABLE_USER_SCRIPT_SANDBOXING = YES;
				GCC_C_LANGUAGE_STANDARD = gnu17;
				GCC_DYNAMIC_NO_PIC = NO;
				GCC_NO_COMMON_BLOCKS = YES;
				GCC_OPTIMIZATION_LEVEL = 0;
				GCC_PREPROCESSOR_DEFINITIONS = (
					"DEBUG=1",
					"$(inherited)",
				);
				GCC_WARN_64_TO_32_BIT_CONVERSION = YES;
				GCC_WARN_ABOUT_RETURN_TYPE = YES_ERROR;
				GCC_WARN_UNDECLARED_SELECTOR = YES;
				GCC_WARN_UNINITIALIZED_AUTOS = YES_AGGRESSIVE;
				GCC_WARN_UNUSED_FUNCTION = YES;
				GCC_WARN_UNUSED_VARIABLE = YES;
				LOCALIZATION_PREFERS_STRING_CATALOGS = YES;
				MACOSX_DEPLOYMENT_TARGET = 14.2;
				MTL_ENABLE_DEBUG_INFO = INCLUDE_SOURCE;
				MTL_FAST_MATH = YES;
				ONLY_ACTIVE_ARCH = YES;
				SDKROOT = macosx;
				SWIFT_ACTIVE_COMPILATION_CONDITIONS = "DEBUG $(inherited)";
				SWIFT_OPTIMIZATION_LEVEL = "-Onone";
			};
			name = Debug;
		};
		C094C18F2AC5F91C00E655CA /* Release */ = {
			isa = XCBuildConfiguration;
			buildSettings = {
				ALWAYS_SEARCH_USER_PATHS = NO;
				ASSETCATALOG_COMPILER_GENERATE_SWIFT_ASSET_SYMBOL_EXTENSIONS = YES;
				CLANG_ANALYZER_NONNULL = YES;
				CLANG_ANALYZER_NUMBER_OBJECT_CONVERSION = YES_AGGRESSIVE;
				CLANG_CXX_LANGUAGE_STANDARD = "gnu++20";
				CLANG_ENABLE_MODULES = YES;
				CLANG_ENABLE_OBJC_ARC = YES;
				CLANG_ENABLE_OBJC_WEAK = YES;
				CLANG_WARN_BLOCK_CAPTURE_AUTORELEASING = YES;
				CLANG_WARN_BOOL_CONVERSION = YES;
				CLANG_WARN_COMMA = YES;
				CLANG_WARN_CONSTANT_CONVERSION = YES;
				CLANG_WARN_DEPRECATED_OBJC_IMPLEMENTATIONS = YES;
				CLANG_WARN_DIRECT_OBJC_ISA_USAGE = YES_ERROR;
				CLANG_WARN_DOCUMENTATION_COMMENTS = YES;
				CLANG_WARN_EMPTY_BODY = YES;
				CLANG_WARN_ENUM_CONVERSION = YES;
				CLANG_WARN_INFINITE_RECURSION = YES;
				CLANG_WARN_INT_CONVERSION = YES;
				CLANG_WARN_NON_LITERAL_NULL_CONVERSION = YES;
				CLANG_WARN_OBJC_IMPLICIT_RETAIN_SELF = YES;
				CLANG_WARN_OBJC_LITERAL_CONVERSION = YES;
				CLANG_WARN_OBJC_ROOT_CLASS = YES_ERROR;
				CLANG_WARN_QUOTED_INCLUDE_IN_FRAMEWORK_HEADER = YES;
				CLANG_WARN_RANGE_LOOP_ANALYSIS = YES;
				CLANG_WARN_STRICT_PROTOTYPES = YES;
				CLANG_WARN_SUSPICIOUS_MOVE = YES;
				CLANG_WARN_UNGUARDED_AVAILABILITY = YES_AGGRESSIVE;
				CLANG_WARN_UNREACHABLE_CODE = YES;
				CLANG_WARN__DUPLICATE_METHOD_MATCH = YES;
				COPY_PHASE_STRIP = NO;
				DEAD_CODE_STRIPPING = YES;
				DEBUG_INFORMATION_FORMAT = "dwarf-with-dsym";
				ENABLE_NS_ASSERTIONS = NO;
				ENABLE_STRICT_OBJC_MSGSEND = YES;
				ENABLE_USER_SCRIPT_SANDBOXING = YES;
				GCC_C_LANGUAGE_STANDARD = gnu17;
				GCC_NO_COMMON_BLOCKS = YES;
				GCC_WARN_64_TO_32_BIT_CONVERSION = YES;
				GCC_WARN_ABOUT_RETURN_TYPE = YES_ERROR;
				GCC_WARN_UNDECLARED_SELECTOR = YES;
				GCC_WARN_UNINITIALIZED_AUTOS = YES_AGGRESSIVE;
				GCC_WARN_UNUSED_FUNCTION = YES;
				GCC_WARN_UNUSED_VARIABLE = YES;
				LOCALIZATION_PREFERS_STRING_CATALOGS = YES;
				MACOSX_DEPLOYMENT_TARGET = 14.2;
				MTL_ENABLE_DEBUG_INFO = NO;
				MTL_FAST_MATH = YES;
				SDKROOT = macosx;
				SWIFT_COMPILATION_MODE = wholemodule;
			};
			name = Release;
		};
		C094C1912AC5F91C00E655CA /* Debug */ = {
			isa = XCBuildConfiguration;
			buildSettings = {
				ASSETCATALOG_COMPILER_APPICON_NAME = AppIcon;
				ASSETCATALOG_COMPILER_GLOBAL_ACCENT_COLOR_NAME = AccentColor;
				CODE_SIGN_ENTITLEMENTS = Resistivity/Resistivity.entitlements;
				"CODE_SIGN_IDENTITY[sdk=macosx*]" = "Apple Development";
				CODE_SIGN_STYLE = Automatic;
				COMBINE_HIDPI_IMAGES = YES;
				CURRENT_PROJECT_VERSION = 1;
				DEAD_CODE_STRIPPING = YES;
				DEVELOPMENT_ASSET_PATHS = "\"Resistivity/Preview Content\"";
				DEVELOPMENT_TEAM = Z553N3QGMH;
				ENABLE_HARDENED_RUNTIME = NO;
				ENABLE_PREVIEWS = YES;
				GENERATE_INFOPLIST_FILE = YES;
				INFOPLIST_FILE = Resistivity/Info.plist;
				INFOPLIST_KEY_CFBundleDisplayName = Resistivity;
				INFOPLIST_KEY_LSApplicationCategoryType = "public.app-category.productivity";
				INFOPLIST_KEY_NSHumanReadableCopyright = "";
				LD_RUNPATH_SEARCH_PATHS = (
					"$(inherited)",
					"@executable_path/../Frameworks",
				);
				MACOSX_DEPLOYMENT_TARGET = 14.2;
				MARKETING_VERSION = 1.0;
				PRODUCT_BUNDLE_IDENTIFIER = com.HRG.Resistivity;
				PRODUCT_NAME = "$(TARGET_NAME)";
				SWIFT_EMIT_LOC_STRINGS = YES;
				SWIFT_VERSION = 5.0;
			};
			name = Debug;
		};
		C094C1922AC5F91C00E655CA /* Release */ = {
			isa = XCBuildConfiguration;
			buildSettings = {
				ASSETCATALOG_COMPILER_APPICON_NAME = AppIcon;
				ASSETCATALOG_COMPILER_GLOBAL_ACCENT_COLOR_NAME = AccentColor;
				CODE_SIGN_ENTITLEMENTS = Resistivity/Resistivity.entitlements;
				"CODE_SIGN_IDENTITY[sdk=macosx*]" = "Apple Development";
				CODE_SIGN_STYLE = Automatic;
				COMBINE_HIDPI_IMAGES = YES;
				CURRENT_PROJECT_VERSION = 1;
				DEAD_CODE_STRIPPING = YES;
				DEVELOPMENT_ASSET_PATHS = "\"Resistivity/Preview Content\"";
				DEVELOPMENT_TEAM = Z553N3QGMH;
				ENABLE_HARDENED_RUNTIME = NO;
				ENABLE_PREVIEWS = YES;
				GENERATE_INFOPLIST_FILE = YES;
				INFOPLIST_FILE = Resistivity/Info.plist;
				INFOPLIST_KEY_CFBundleDisplayName = Resistivity;
				INFOPLIST_KEY_LSApplicationCategoryType = "public.app-category.productivity";
				INFOPLIST_KEY_NSHumanReadableCopyright = "";
				LD_RUNPATH_SEARCH_PATHS = (
					"$(inherited)",
					"@executable_path/../Frameworks",
				);
				MACOSX_DEPLOYMENT_TARGET = 14.2;
				MARKETING_VERSION = 1.0;
				PRODUCT_BUNDLE_IDENTIFIER = com.HRG.Resistivity;
				PRODUCT_NAME = "$(TARGET_NAME)";
				SWIFT_EMIT_LOC_STRINGS = YES;
				SWIFT_VERSION = 5.0;
			};
			name = Release;
		};
/* End XCBuildConfiguration section */

/* Begin XCConfigurationList section */
		C094C17C2AC5F91B00E655CA /* Build configuration list for PBXProject "Resistivity" */ = {
			isa = XCConfigurationList;
			buildConfigurations = (
				C094C18E2AC5F91C00E655CA /* Debug */,
				C094C18F2AC5F91C00E655CA /* Release */,
			);
			defaultConfigurationIsVisible = 0;
			defaultConfigurationName = Release;
		};
		C094C1902AC5F91C00E655CA /* Build configuration list for PBXNativeTarget "Resistivity" */ = {
			isa = XCConfigurationList;
			buildConfigurations = (
				C094C1912AC5F91C00E655CA /* Debug */,
				C094C1922AC5F91C00E655CA /* Release */,
			);
			defaultConfigurationIsVisible = 0;
			defaultConfigurationName = Release;
		};
/* End XCConfigurationList section */

/* Begin XCRemoteSwiftPackageReference section */
		C094C1932AC5F97C00E655CA /* XCRemoteSwiftPackageReference "SwiftVISASwift" */ = {
			isa = XCRemoteSwiftPackageReference;
			repositoryURL = "https://github.com/SwiftVISA/SwiftVISASwift.git";
			requirement = {
				branch = actor;
				kind = branch;
			};
		};
/* End XCRemoteSwiftPackageReference section */

/* Begin XCSwiftPackageProductDependency section */
		C094C1942AC5F97C00E655CA /* SwiftVISASwift */ = {
			isa = XCSwiftPackageProductDependency;
			package = C094C1932AC5F97C00E655CA /* XCRemoteSwiftPackageReference "SwiftVISASwift" */;
			productName = SwiftVISASwift;
		};
/* End XCSwiftPackageProductDependency section */
	};
	rootObject = C094C1792AC5F91B00E655CA /* Project object */;
}
